
Microsoft Visual Studio Solution File, Format Version 12.00
# Visual Studio Version 16
VisualStudioVersion = 16.0.30804.86
MinimumVisualStudioVersion = 10.0.40219.1
Project("{FAE04EC0-301F-11D3-BF4B-00C04F79EFBC}") = "CMSProject.Entity", "CMSProject.Entity\CMSProject.Entity.csproj", "{8A0A18E6-314D-4821-BF6D-49130C661FE2}"
EndProject
Project("{FAE04EC0-301F-11D3-BF4B-00C04F79EFBC}") = "CMSProject.Map", "CMSProject.Map\CMSProject.Map.csproj", "{5AFF2FA4-7173-44F4-9FFF-AAA06DA08C73}"
EndProject
Global
	GlobalSection(SolutionConfigurationPlatforms) = preSolution
		Debug|Any CPU = Debug|Any CPU
		Release|Any CPU = Release|Any CPU
	EndGlobalSection
	GlobalSection(ProjectConfigurationPlatforms) = postSolution
		{8A0A18E6-314D-4821-BF6D-49130C661FE2}.Debug|Any CPU.ActiveCfg = Debug|Any CPU
		{8A0A18E6-314D-4821-BF6D-49130C661FE2}.Debug|Any CPU.Build.0 = Debug|Any CPU
		{8A0A18E6-314D-4821-BF6D-49130C661FE2}.Release|Any CPU.ActiveCfg = Release|Any CPU
		{8A0A18E6-314D-4821-BF6D-49130C661FE2}.Release|Any CPU.Build.0 = Release|Any CPU
		{5AFF2FA4-7173-44F4-9FFF-AAA06DA08C73}.Debug|Any CPU.ActiveCfg = Debug|Any CPU
		{5AFF2FA4-7173-44F4-9FFF-AAA06DA08C73}.Debug|Any CPU.Build.0 = Debug|Any CPU
		{5AFF2FA4-7173-44F4-9FFF-AAA06DA08C73}.Release|Any CPU.ActiveCfg = Release|Any CPU
		{5AFF2FA4-7173-44F4-9FFF-AAA06DA08C73}.Release|Any CPU.Build.0 = Release|Any CPU
	EndGlobalSection
	GlobalSection(SolutionProperties) = preSolution
		HideSolutionNode = FALSE
	EndGlobalSection
	GlobalSection(ExtensibilityGlobals) = postSolution
		SolutionGuid = {2EEC9CC5-58DB-4A5A-A7A2-E379F0B7C99F}
	EndGlobalSection
EndGlobal
